// !$*UTF8*$!
{
	archiveVersion = 1;
	classes = {
	};
	objectVersion = 46;
	objects = {

/* Begin PBXBuildFile section */
		D5DB68601A9615E800F8813A /* AppDelegate.swift in Sources */ = {isa = PBXBuildFile; fileRef = D5DB685F1A9615E800F8813A /* AppDelegate.swift */; };
		D5DB68621A9615E800F8813A /* RecordSoundsViewController.swift in Sources */ = {isa = PBXBuildFile; fileRef = D5DB68611A9615E800F8813A /* RecordSoundsViewController.swift */; };
		D5DB68651A9615E800F8813A /* Main.storyboard in Resources */ = {isa = PBXBuildFile; fileRef = D5DB68631A9615E800F8813A /* Main.storyboard */; };
		D5DB68671A9615E800F8813A /* Images.xcassets in Resources */ = {isa = PBXBuildFile; fileRef = D5DB68661A9615E800F8813A /* Images.xcassets */; };
		D5DB686A1A9615E800F8813A /* LaunchScreen.xib in Resources */ = {isa = PBXBuildFile; fileRef = D5DB68681A9615E800F8813A /* LaunchScreen.xib */; };
		D5DB68761A9615E800F8813A /* PitchPerfect2_19_15Tests.swift in Sources */ = {isa = PBXBuildFile; fileRef = D5DB68751A9615E800F8813A /* PitchPerfect2_19_15Tests.swift */; };
		D5DB68821A961F1200F8813A /* PlaySoundsViewController.swift in Sources */ = {isa = PBXBuildFile; fileRef = D5DB68811A961F1200F8813A /* PlaySoundsViewController.swift */; };
		D5DB68841A96206500F8813A /* movie_quote.mp3 in Resources */ = {isa = PBXBuildFile; fileRef = D5DB68831A96206500F8813A /* movie_quote.mp3 */; };
		D5DB68861A97A5D500F8813A /* RecordedAudio.swift in Sources */ = {isa = PBXBuildFile; fileRef = D5DB68851A97A5D500F8813A /* RecordedAudio.swift */; };
/* End PBXBuildFile section */

/* Begin PBXContainerItemProxy section */
		D5DB68701A9615E800F8813A /* PBXContainerItemProxy */ = {
			isa = PBXContainerItemProxy;
			containerPortal = D5DB68521A9615E800F8813A /* Project object */;
			proxyType = 1;
			remoteGlobalIDString = D5DB68591A9615E800F8813A;
			remoteInfo = PitchPerfect2.19.15;
		};
/* End PBXContainerItemProxy section */

/* Begin PBXFileReference section */
		D5DB685A1A9615E800F8813A /* PitchPerfect2.19.15.app */ = {isa = PBXFileReference; explicitFileType = wrapper.application; includeInIndex = 0; path = PitchPerfect2.19.15.app; sourceTree = BUILT_PRODUCTS_DIR; };
		D5DB685E1A9615E800F8813A /* Info.plist */ = {isa = PBXFileReference; lastKnownFileType = text.plist.xml; path = Info.plist; sourceTree = "<group>"; };
		D5DB685F1A9615E800F8813A /* AppDelegate.swift */ = {isa = PBXFileReference; lastKnownFileType = sourcecode.swift; path = AppDelegate.swift; sourceTree = "<group>"; };
		D5DB68611A9615E800F8813A /* RecordSoundsViewController.swift */ = {isa = PBXFileReference; lastKnownFileType = sourcecode.swift; path = RecordSoundsViewController.swift; sourceTree = "<group>"; };
		D5DB68641A9615E800F8813A /* Base */ = {isa = PBXFileReference; lastKnownFileType = file.storyboard; name = Base; path = Base.lproj/Main.storyboard; sourceTree = "<group>"; };
		D5DB68661A9615E800F8813A /* Images.xcassets */ = {isa = PBXFileReference; lastKnownFileType = folder.assetcatalog; path = Images.xcassets; sourceTree = "<group>"; };
		D5DB68691A9615E800F8813A /* Base */ = {isa = PBXFileReference; lastKnownFileType = file.xib; name = Base; path = Base.lproj/LaunchScreen.xib; sourceTree = "<group>"; };
		D5DB686F1A9615E800F8813A /* PitchPerfect2.19.15Tests.xctest */ = {isa = PBXFileReference; explicitFileType = wrapper.cfbundle; includeInIndex = 0; path = PitchPerfect2.19.15Tests.xctest; sourceTree = BUILT_PRODUCTS_DIR; };
		D5DB68741A9615E800F8813A /* Info.plist */ = {isa = PBXFileReference; lastKnownFileType = text.plist.xml; path = Info.plist; sourceTree = "<group>"; };
		D5DB68751A9615E800F8813A /* PitchPerfect2_19_15Tests.swift */ = {isa = PBXFileReference; lastKnownFileType = sourcecode.swift; path = PitchPerfect2_19_15Tests.swift; sourceTree = "<group>"; };
		D5DB68811A961F1200F8813A /* PlaySoundsViewController.swift */ = {isa = PBXFileReference; fileEncoding = 4; lastKnownFileType = sourcecode.swift; path = PlaySoundsViewController.swift; sourceTree = "<group>"; };
		D5DB68831A96206500F8813A /* movie_quote.mp3 */ = {isa = PBXFileReference; lastKnownFileType = audio.mp3; path = movie_quote.mp3; sourceTree = "<group>"; };
		D5DB68851A97A5D500F8813A /* RecordedAudio.swift */ = {isa = PBXFileReference; fileEncoding = 4; lastKnownFileType = sourcecode.swift; path = RecordedAudio.swift; sourceTree = "<group>"; };
/* End PBXFileReference section */

/* Begin PBXFrameworksBuildPhase section */
		D5DB68571A9615E800F8813A /* Frameworks */ = {
			isa = PBXFrameworksBuildPhase;
			buildActionMask = 2147483647;
			files = (
			);
			runOnlyForDeploymentPostprocessing = 0;
		};
		D5DB686C1A9615E800F8813A /* Frameworks */ = {
			isa = PBXFrameworksBuildPhase;
			buildActionMask = 2147483647;
			files = (
			);
			runOnlyForDeploymentPostprocessing = 0;
		};
/* End PBXFrameworksBuildPhase section */

/* Begin PBXGroup section */
		D5DB68511A9615E800F8813A = {
			isa = PBXGroup;
			children = (
				D5DB685C1A9615E800F8813A /* PitchPerfect2.19.15 */,
				D5DB68721A9615E800F8813A /* PitchPerfect2.19.15Tests */,
				D5DB685B1A9615E800F8813A /* Products */,
			);
			sourceTree = "<group>";
		};
		D5DB685B1A9615E800F8813A /* Products */ = {
			isa = PBXGroup;
			children = (
				D5DB685A1A9615E800F8813A /* PitchPerfect2.19.15.app */,
				D5DB686F1A9615E800F8813A /* PitchPerfect2.19.15Tests.xctest */,
			);
			name = Products;
			sourceTree = "<group>";
		};
		D5DB685C1A9615E800F8813A /* PitchPerfect2.19.15 */ = {
			isa = PBXGroup;
			children = (
				D5DB685F1A9615E800F8813A /* AppDelegate.swift */,
				D5DB68611A9615E800F8813A /* RecordSoundsViewController.swift */,
				D5DB68811A961F1200F8813A /* PlaySoundsViewController.swift */,
				D5DB68631A9615E800F8813A /* Main.storyboard */,
				D5DB68851A97A5D500F8813A /* RecordedAudio.swift */,
				D5DB68661A9615E800F8813A /* Images.xcassets */,
				D5DB68681A9615E800F8813A /* LaunchScreen.xib */,
				D5DB685D1A9615E800F8813A /* Supporting Files */,
			);
			path = PitchPerfect2.19.15;
			sourceTree = "<group>";
		};
		D5DB685D1A9615E800F8813A /* Supporting Files */ = {
			isa = PBXGroup;
			children = (
				D5DB68831A96206500F8813A /* movie_quote.mp3 */,
				D5DB685E1A9615E800F8813A /* Info.plist */,
			);
			name = "Supporting Files";
			sourceTree = "<group>";
		};
		D5DB68721A9615E800F8813A /* PitchPerfect2.19.15Tests */ = {
			isa = PBXGroup;
			children = (
				D5DB68751A9615E800F8813A /* PitchPerfect2_19_15Tests.swift */,
				D5DB68731A9615E800F8813A /* Supporting Files */,
			);
			path = PitchPerfect2.19.15Tests;
			sourceTree = "<group>";
		};
		D5DB68731A9615E800F8813A /* Supporting Files */ = {
			isa = PBXGroup;
			children = (
				D5DB68741A9615E800F8813A /* Info.plist */,
			);
			name = "Supporting Files";
			sourceTree = "<group>";
		};
/* End PBXGroup section */

/* Begin PBXNativeTarget section */
		D5DB68591A9615E800F8813A /* PitchPerfect2.19.15 */ = {
			isa = PBXNativeTarget;
			buildConfigurationList = D5DB68791A9615E800F8813A /* Build configuration list for PBXNativeTarget "PitchPerfect2.19.15" */;
			buildPhases = (
				D5DB68561A9615E800F8813A /* Sources */,
				D5DB68571A9615E800F8813A /* Frameworks */,
				D5DB68581A9615E800F8813A /* Resources */,
			);
			buildRules = (
			);
			dependencies = (
			);
			name = PitchPerfect2.19.15;
			productName = PitchPerfect2.19.15;
			productReference = D5DB685A1A9615E800F8813A /* PitchPerfect2.19.15.app */;
			productType = "com.apple.product-type.application";
		};
		D5DB686E1A9615E800F8813A /* PitchPerfect2.19.15Tests */ = {
			isa = PBXNativeTarget;
			buildConfigurationList = D5DB687C1A9615E800F8813A /* Build configuration list for PBXNativeTarget "PitchPerfect2.19.15Tests" */;
			buildPhases = (
				D5DB686B1A9615E800F8813A /* Sources */,
				D5DB686C1A9615E800F8813A /* Frameworks */,
				D5DB686D1A9615E800F8813A /* Resources */,
			);
			buildRules = (
			);
			dependencies = (
				D5DB68711A9615E800F8813A /* PBXTargetDependency */,
			);
			name = PitchPerfect2.19.15Tests;
			productName = PitchPerfect2.19.15Tests;
			productReference = D5DB686F1A9615E800F8813A /* PitchPerfect2.19.15Tests.xctest */;
			productType = "com.apple.product-type.bundle.unit-test";
		};
/* End PBXNativeTarget section */

/* Begin PBXProject section */
		D5DB68521A9615E800F8813A /* Project object */ = {
			isa = PBXProject;
			attributes = {
				LastSwiftMigration = 0720;
				LastSwiftUpdateCheck = 0720;
				LastUpgradeCheck = 0720;
				ORGANIZATIONNAME = "Avi Pogrow";
				TargetAttributes = {
					D5DB68591A9615E800F8813A = {
						CreatedOnToolsVersion = 6.1.1;
					};
					D5DB686E1A9615E800F8813A = {
						CreatedOnToolsVersion = 6.1.1;
						TestTargetID = D5DB68591A9615E800F8813A;
					};
				};
			};
			buildConfigurationList = D5DB68551A9615E800F8813A /* Build configuration list for PBXProject "PitchPerfect2.19.15" */;
			compatibilityVersion = "Xcode 3.2";
			developmentRegion = English;
			hasScannedForEncodings = 0;
			knownRegions = (
				en,
				Base,
			);
			mainGroup = D5DB68511A9615E800F8813A;
			productRefGroup = D5DB685B1A9615E800F8813A /* Products */;
			projectDirPath = "";
			projectRoot = "";
			targets = (
				D5DB68591A9615E800F8813A /* PitchPerfect2.19.15 */,
				D5DB686E1A9615E800F8813A /* PitchPerfect2.19.15Tests */,
			);
		};
/* End PBXProject section */

/* Begin PBXResourcesBuildPhase section */
		D5DB68581A9615E800F8813A /* Resources */ = {
			isa = PBXResourcesBuildPhase;
			buildActionMask = 2147483647;
			files = (
				D5DB68651A9615E800F8813A /* Main.storyboard in Resources */,
				D5DB686A1A9615E800F8813A /* LaunchScreen.xib in Resources */,
				D5DB68841A96206500F8813A /* movie_quote.mp3 in Resources */,
				D5DB68671A9615E800F8813A /* Images.xcassets in Resources */,
			);
			runOnlyForDeploymentPostprocessing = 0;
		};
		D5DB686D1A9615E800F8813A /* Resources */ = {
			isa = PBXResourcesBuildPhase;
			buildActionMask = 2147483647;
			files = (
			);
			runOnlyForDeploymentPostprocessing = 0;
		};
/* End PBXResourcesBuildPhase section */

/* Begin PBXSourcesBuildPhase section */
		D5DB68561A9615E800F8813A /* Sources */ = {
			isa = PBXSourcesBuildPhase;
			buildActionMask = 2147483647;
			files = (
				D5DB68861A97A5D500F8813A /* RecordedAudio.swift in Sources */,
				D5DB68621A9615E800F8813A /* RecordSoundsViewController.swift in Sources */,
				D5DB68821A961F1200F8813A /* PlaySoundsViewController.swift in Sources */,
				D5DB68601A9615E800F8813A /* AppDelegate.swift in Sources */,
			);
			runOnlyForDeploymentPostprocessing = 0;
		};
		D5DB686B1A9615E800F8813A /* Sources */ = {
			isa = PBXSourcesBuildPhase;
			buildActionMask = 2147483647;
			files = (
				D5DB68761A9615E800F8813A /* PitchPerfect2_19_15Tests.swift in Sources */,
			);
			runOnlyForDeploymentPostprocessing = 0;
		};
/* End PBXSourcesBuildPhase section */

/* Begin PBXTargetDependency section */
		D5DB68711A9615E800F8813A /* PBXTargetDependency */ = {
			isa = PBXTargetDependency;
			target = D5DB68591A9615E800F8813A /* PitchPerfect2.19.15 */;
			targetProxy = D5DB68701A9615E800F8813A /* PBXContainerItemProxy */;
		};
/* End PBXTargetDependency section */

/* Begin PBXVariantGroup section */
		D5DB68631A9615E800F8813A /* Main.storyboard */ = {
			isa = PBXVariantGroup;
			children = (
				D5DB68641A9615E800F8813A /* Base */,
			);
			name = Main.storyboard;
			sourceTree = "<group>";
		};
		D5DB68681A9615E800F8813A /* LaunchScreen.xib */ = {
			isa = PBXVariantGroup;
			children = (
				D5DB68691A9615E800F8813A /* Base */,
			);
			name = LaunchScreen.xib;
			sourceTree = "<group>";
		};
/* End PBXVariantGroup section */

/* Begin XCBuildConfiguration section */
		D5DB68771A9615E800F8813A /* Debug */ = {
			isa = XCBuildConfiguration;
			buildSettings = {
				ALWAYS_SEARCH_USER_PATHS = NO;
				CLANG_CXX_LANGUAGE_STANDARD = "gnu++0x";
				CLANG_CXX_LIBRARY = "libc++";
				CLANG_ENABLE_MODULES = YES;
				CLANG_ENABLE_OBJC_ARC = YES;
				CLANG_WARN_BOOL_CONVERSION = YES;
				CLANG_WARN_CONSTANT_CONVERSION = YES;
				CLANG_WARN_DIRECT_OBJC_ISA_USAGE = YES_ERROR;
				CLANG_WARN_EMPTY_BODY = YES;
				CLANG_WARN_ENUM_CONVERSION = YES;
				CLANG_WARN_INT_CONVERSION = YES;
				CLANG_WARN_OBJC_ROOT_CLASS = YES_ERROR;
				CLANG_WARN_UNREACHABLE_CODE = YES;
				CLANG_WARN__DUPLICATE_METHOD_MATCH = YES;
				"CODE_SIGN_IDENTITY[sdk=iphoneos*]" = "iPhone Developer";
				COPY_PHASE_STRIP = NO;
				ENABLE_STRICT_OBJC_MSGSEND = YES;
				ENABLE_TESTABILITY = YES;
				GCC_C_LANGUAGE_STANDARD = gnu99;
				GCC_DYNAMIC_NO_PIC = NO;
				GCC_OPTIMIZATION_LEVEL = 0;
				GCC_PREPROCESSOR_DEFINITIONS = (
					"DEBUG=1",
					"$(inherited)",
				);
				GCC_SYMBOLS_PRIVATE_EXTERN = NO;
				GCC_WARN_64_TO_32_BIT_CONVERSION = YES;
				GCC_WARN_ABOUT_RETURN_TYPE = YES_ERROR;
				GCC_WARN_UNDECLARED_SELECTOR = YES;
				GCC_WARN_UNINITIALIZED_AUTOS = YES_AGGRESSIVE;
				GCC_WARN_UNUSED_FUNCTION = YES;
				GCC_WARN_UNUSED_VARIABLE = YES;
				IPHONEOS_DEPLOYMENT_TARGET = 8.1;
				MTL_ENABLE_DEBUG_INFO = YES;
				ONLY_ACTIVE_ARCH = YES;
				SDKROOT = iphoneos;
				SWIFT_OPTIMIZATION_LEVEL = "-Onone";
				TARGETED_DEVICE_FAMILY = "1,2";
			};
			name = Debug;
		};
		D5DB68781A9615E800F8813A /* Release */ = {
			isa = XCBuildConfiguration;
			buildSettings = {
				ALWAYS_SEARCH_USER_PATHS = NO;
				CLANG_CXX_LANGUAGE_STANDARD = "gnu++0x";
				CLANG_CXX_LIBRARY = "libc++";
				CLANG_ENABLE_MODULES = YES;
				CLANG_ENABLE_OBJC_ARC = YES;
				CLANG_WARN_BOOL_CONVERSION = YES;
				CLANG_WARN_CONSTANT_CONVERSION = YES;
				CLANG_WARN_DIRECT_OBJC_ISA_USAGE = YES_ERROR;
				CLANG_WARN_EMPTY_BODY = YES;
				CLANG_WARN_ENUM_CONVERSION = YES;
				CLANG_WARN_INT_CONVERSION = YES;
				CLANG_WARN_OBJC_ROOT_CLASS = YES_ERROR;
				CLANG_WARN_UNREACHABLE_CODE = YES;
				CLANG_WARN__DUPLICATE_METHOD_MATCH = YES;
				"CODE_SIGN_IDENTITY[sdk=iphoneos*]" = "iPhone Developer";
				COPY_PHASE_STRIP = YES;
				ENABLE_NS_ASSERTIONS = NO;
				ENABLE_STRICT_OBJC_MSGSEND = YES;
				GCC_C_LANGUAGE_STANDARD = gnu99;
				GCC_WARN_64_TO_32_BIT_CONVERSION = YES;
				GCC_WARN_ABOUT_RETURN_TYPE = YES_ERROR;
				GCC_WARN_UNDECLARED_SELECTOR = YES;
				GCC_WARN_UNINITIALIZED_AUTOS = YES_AGGRESSIVE;
				GCC_WARN_UNUSED_FUNCTION = YES;
				GCC_WARN_UNUSED_VARIABLE = YES;
				IPHONEOS_DEPLOYMENT_TARGET = 8.1;
				MTL_ENABLE_DEBUG_INFO = NO;
				SDKROOT = iphoneos;
				TARGETED_DEVICE_FAMILY = "1,2";
				VALIDATE_PRODUCT = YES;
			};
			name = Release;
		};
		D5DB687A1A9615E800F8813A /* Debug */ = {
			isa = XCBuildConfiguration;
			buildSettings = {
				ASSETCATALOG_COMPILER_APPICON_NAME = AppIcon;
				INFOPLIST_FILE = PitchPerfect2.19.15/Info.plist;
				LD_RUNPATH_SEARCH_PATHS = "$(inherited) @executable_path/Frameworks";
				PRODUCT_BUNDLE_IDENTIFIER = "com.AviPogrow.$(PRODUCT_NAME:rfc1034identifier)";
				PRODUCT_NAME = "$(TARGET_NAME)";
			};
			name = Debug;
		};
		D5DB687B1A9615E800F8813A /* Release */ = {
			isa = XCBuildConfiguration;
			buildSettings = {
				ASSETCATALOG_COMPILER_APPICON_NAME = AppIcon;
				INFOPLIST_FILE = PitchPerfect2.19.15/Info.plist;
				LD_RUNPATH_SEARCH_PATHS = "$(inherited) @executable_path/Frameworks";
				PRODUCT_BUNDLE_IDENTIFIER = "com.AviPogrow.$(PRODUCT_NAME:rfc1034identifier)";
				PRODUCT_NAME = "$(TARGET_NAME)";
			};
			name = Release;
		};
		D5DB687D1A9615E800F8813A /* Debug */ = {
			isa = XCBuildConfiguration;
			buildSettings = {
				BUNDLE_LOADER = "$(TEST_HOST)";
				FRAMEWORK_SEARCH_PATHS = (
					"$(SDKROOT)/Developer/Library/Frameworks",
					"$(inherited)",
				);
				GCC_PREPROCESSOR_DEFINITIONS = (
					"DEBUG=1",
					"$(inherited)",
				);
				INFOPLIST_FILE = PitchPerfect2.19.15Tests/Info.plist;
				LD_RUNPATH_SEARCH_PATHS = "$(inherited) @executable_path/Frameworks @loader_path/Frameworks";
				PRODUCT_BUNDLE_IDENTIFIER = "com.AviPogrow.$(PRODUCT_NAME:rfc1034identifier)";
				PRODUCT_NAME = "$(TARGET_NAME)";
				TEST_HOST = "$(BUILT_PRODUCTS_DIR)/PitchPerfect2.19.15.app/PitchPerfect2.19.15";
			};
			name = Debug;
		};
		D5DB687E1A9615E800F8813A /* Release */ = {
			isa = XCBuildConfiguration;
			buildSettings = {
				BUNDLE_LOADER = "$(TEST_HOST)";
				FRAMEWORK_SEARCH_PATHS = (
					"$(SDKROOT)/Developer/Library/Frameworks",
					"$(inherited)",
				);
				INFOPLIST_FILE = PitchPerfect2.19.15Tests/Info.plist;
				LD_RUNPATH_SEARCH_PATHS = "$(inherited) @executable_path/Frameworks @loader_path/Frameworks";
				PRODUCT_BUNDLE_IDENTIFIER = "com.AviPogrow.$(PRODUCT_NAME:rfc1034identifier)";
				PRODUCT_NAME = "$(TARGET_NAME)";
				TEST_HOST = "$(BUILT_PRODUCTS_DIR)/PitchPerfect2.19.15.app/PitchPerfect2.19.15";
			};
			name = Release;
		};
/* End XCBuildConfiguration section */

/* Begin XCConfigurationList section */
		D5DB68551A9615E800F8813A /* Build configuration list for PBXProject "PitchPerfect2.19.15" */ = {
			isa = XCConfigurationList;
			buildConfigurations = (
				D5DB68771A9615E800F8813A /* Debug */,
				D5DB68781A9615E800F8813A /* Release */,
			);
			defaultConfigurationIsVisible = 0;
			defaultConfigurationName = Release;
		};
		D5DB68791A9615E800F8813A /* Build configuration list for PBXNativeTarget "PitchPerfect2.19.15" */ = {
			isa = XCConfigurationList;
			buildConfigurations = (
				D5DB687A1A9615E800F8813A /* Debug */,
				D5DB687B1A9615E800F8813A /* Release */,
			);
			defaultConfigurationIsVisible = 0;
			defaultConfigurationName = Release;
		};
		D5DB687C1A9615E800F8813A /* Build configuration list for PBXNativeTarget "PitchPerfect2.19.15Tests" */ = {
			isa = XCConfigurationList;
			buildConfigurations = (
				D5DB687D1A9615E800F8813A /* Debug */,
				D5DB687E1A9615E800F8813A /* Release */,
			);
			defaultConfigurationIsVisible = 0;
			defaultConfigurationName = Release;
		};
/* End XCConfigurationList section */
	};
	rootObject = D5DB68521A9615E800F8813A /* Project object */;
}
